version: 1
images:
  multitune:
    image_id: sha256:bb9e776fe843ee709b76400408535804b52b08b56cd32e19b4fdf2d1cedd4195
    upstream: ''
    layers:
      - digest: sha256:903dfed016942c66d9c2a4c18484ede6126da4590c3c52d576e000ef2b757203
        source: embed
      - digest: sha256:87d39e467dbcf088b060090b8e542dc1c7c6296612fdd3cebae1966021781436
        source: embed
      - digest: sha256:33f583ddcf78eb31979d1fd9738cfa812bad1f6ac3e1a28759de02e300dbb645
        source: embed
      - digest: sha256:363abe462d6cac03d28990af16cbcfb79042c0398bbc90c30fa777c1819224d6
        source: embed
